
Microsoft Visual Studio Solution File, Format Version 12.00
# Visual Studio Version 17
VisualStudioVersion = 17.1.32414.318
MinimumVisualStudioVersion = 10.0.40219.1
Project("{FAE04EC0-301F-11D3-BF4B-00C04F79EFBC}") = "CuaHangTinHocWeb", "CuaHangTinHocWeb\CuaHangTinHocWeb.csproj", "{3929941E-5D7D-4A5F-9FB2-29D5E1E373CD}"
EndProject
Project("{FAE04EC0-301F-11D3-BF4B-00C04F79EFBC}") = "Data", "Data\Data.csproj", "{971FE3DC-D266-442B-A198-3B9F8DEE902D}"
EndProject
Global
	GlobalSection(SolutionConfigurationPlatforms) = preSolution
		Debug|Any CPU = Debug|Any CPU
		Release|Any CPU = Release|Any CPU
	EndGlobalSection
	GlobalSection(ProjectConfigurationPlatforms) = postSolution
		{3929941E-5D7D-4A5F-9FB2-29D5E1E373CD}.Debug|Any CPU.ActiveCfg = Debug|Any CPU
		{3929941E-5D7D-4A5F-9FB2-29D5E1E373CD}.Debug|Any CPU.Build.0 = Debug|Any CPU
		{3929941E-5D7D-4A5F-9FB2-29D5E1E373CD}.Release|Any CPU.ActiveCfg = Release|Any CPU
		{3929941E-5D7D-4A5F-9FB2-29D5E1E373CD}.Release|Any CPU.Build.0 = Release|Any CPU
		{971FE3DC-D266-442B-A198-3B9F8DEE902D}.Debug|Any CPU.ActiveCfg = Debug|Any CPU
		{971FE3DC-D266-442B-A198-3B9F8DEE902D}.Debug|Any CPU.Build.0 = Debug|Any CPU
		{971FE3DC-D266-442B-A198-3B9F8DEE902D}.Release|Any CPU.ActiveCfg = Release|Any CPU
		{971FE3DC-D266-442B-A198-3B9F8DEE902D}.Release|Any CPU.Build.0 = Release|Any CPU
	EndGlobalSection
	GlobalSection(SolutionProperties) = preSolution
		HideSolutionNode = FALSE
	EndGlobalSection
	GlobalSection(ExtensibilityGlobals) = postSolution
		SolutionGuid = {75327124-25FD-444C-9B05-CEB9216288EC}
	EndGlobalSection
EndGlobal
